
Microsoft Visual Studio Solution File, Format Version 12.00
# Visual Studio Version 16
VisualStudioVersion = 16.0.31005.135
MinimumVisualStudioVersion = 10.0.40219.1
Project("{FAE04EC0-301F-11D3-BF4B-00C04F79EFBC}") = "Cloud Data Sync Tool", "Cloud Data Sync Tool\Cloud Data Sync Tool.csproj", "{56C93A63-C6F2-4DB9-9FEC-3A33FBE9EF00}"
EndProject
Global
	GlobalSection(SolutionConfigurationPlatforms) = preSolution
		Debug|Any CPU = Debug|Any CPU
		Release|Any CPU = Release|Any CPU
	EndGlobalSection
	GlobalSection(ProjectConfigurationPlatforms) = postSolution
		{56C93A63-C6F2-4DB9-9FEC-3A33FBE9EF00}.Debug|Any CPU.ActiveCfg = Debug|Any CPU
		{56C93A63-C6F2-4DB9-9FEC-3A33FBE9EF00}.Debug|Any CPU.Build.0 = Debug|Any CPU
		{56C93A63-C6F2-4DB9-9FEC-3A33FBE9EF00}.Release|Any CPU.ActiveCfg = Release|Any CPU
		{56C93A63-C6F2-4DB9-9FEC-3A33FBE9EF00}.Release|Any CPU.Build.0 = Release|Any CPU
	EndGlobalSection
	GlobalSection(SolutionProperties) = preSolution
		HideSolutionNode = FALSE
	EndGlobalSection
	GlobalSection(ExtensibilityGlobals) = postSolution
		SolutionGuid = {8D2D4E93-B775-4E29-B418-1325C22C43B9}
	EndGlobalSection
EndGlobal
